{
  "name": "ajs-25_3.1-ajs-test-node",
  "version": "1.0.0",
  "lockfileVersion": 2,
  "requires": true,
  "packages": {
    "": {
      "name": "ajs-25_3.1-ajs-test-node",
      "version": "1.0.0",
      "license": "ISC",
      "dependencies": {
        "@elenakoch122/ajs-25_3.1-ajs": "^1.0.0"
      }
    },
    "node_modules/@elenakoch122/ajs-25_3.1-ajs": {
      "version": "1.0.0",
      "resolved": "https://npm.pkg.github.com/download/@elenakoch122/ajs-25_3.1-ajs/1.0.0/02aa0b8b24874ea25d97829de82850fbf929f8fba9867cd1d6705f5134e91d71",
      "integrity": "sha512-kz/gjxln80VnzPEEUvZVkkphQNOix2IzLmxH6Sko/KYV/2b0DfoKMstfCMQZthGUFPOf2CQc3To6/RX/VrMDtg==",
      "license": "ISC"
    }
  },
  "dependencies": {
    "@elenakoch122/ajs-25_3.1-ajs": {
      "version": "1.0.0",
      "resolved": "https://npm.pkg.github.com/download/@elenakoch122/ajs-25_3.1-ajs/1.0.0/02aa0b8b24874ea25d97829de82850fbf929f8fba9867cd1d6705f5134e91d71",
      "integrity": "sha512-kz/gjxln80VnzPEEUvZVkkphQNOix2IzLmxH6Sko/KYV/2b0DfoKMstfCMQZthGUFPOf2CQc3To6/RX/VrMDtg=="
    }
  }
}
